
Microsoft Visual Studio Solution File, Format Version 12.00
# Visual Studio Version 16
VisualStudioVersion = 16.0.28729.10
MinimumVisualStudioVersion = 10.0.40219.1
Project("{8BC9CEB8-8B4A-11D0-8D11-00A0C91BC942}") = "Project1", "Project1.vcxproj", "{5FA34C03-8D68-4E12-B735-7D43EE6C34B4}"
EndProject
Global
	GlobalSection(SolutionConfigurationPlatforms) = preSolution
		Debug|x64 = Debug|x64
		Debug|x86 = Debug|x86
		Release|x64 = Release|x64
		Release|x86 = Release|x86
	EndGlobalSection
	GlobalSection(ProjectConfigurationPlatforms) = postSolution
		{5FA34C03-8D68-4E12-B735-7D43EE6C34B4}.Debug|x64.ActiveCfg = Debug|x64
		{5FA34C03-8D68-4E12-B735-7D43EE6C34B4}.Debug|x64.Build.0 = Debug|x64
		{5FA34C03-8D68-4E12-B735-7D43EE6C34B4}.Debug|x86.ActiveCfg = Debug|Win32
		{5FA34C03-8D68-4E12-B735-7D43EE6C34B4}.Debug|x86.Build.0 = Debug|Win32
		{5FA34C03-8D68-4E12-B735-7D43EE6C34B4}.Release|x64.ActiveCfg = Release|x64
		{5FA34C03-8D68-4E12-B735-7D43EE6C34B4}.Release|x64.Build.0 = Release|x64
		{5FA34C03-8D68-4E12-B735-7D43EE6C34B4}.Release|x86.ActiveCfg = Release|Win32
		{5FA34C03-8D68-4E12-B735-7D43EE6C34B4}.Release|x86.Build.0 = Release|Win32
	EndGlobalSection
	GlobalSection(SolutionProperties) = preSolution
		HideSolutionNode = FALSE
	EndGlobalSection
	GlobalSection(ExtensibilityGlobals) = postSolution
		SolutionGuid = {1AB2B787-F69F-4704-8413-62F38D060B2A}
	EndGlobalSection
EndGlobal
